// !$*UTF8*$!
{
	archiveVersion = 1;
	classes = {
	};
	objectVersion = 77;
	objects = {

/* Begin PBXContainerItemProxy section */
		A5AEFF3D2E3D6CEC0043BCFF /* PBXContainerItemProxy */ = {
			isa = PBXContainerItemProxy;
			containerPortal = A5AEFF272E3D6CEB0043BCFF /* Project object */;
			proxyType = 1;
			remoteGlobalIDString = A5AEFF2E2E3D6CEB0043BCFF;
			remoteInfo = DevRush_1_SWUI_pr5;
		};
		A5AEFF472E3D6CEC0043BCFF /* PBXContainerItemProxy */ = {
			isa = PBXContainerItemProxy;
			containerPortal = A5AEFF272E3D6CEB0043BCFF /* Project object */;
			proxyType = 1;
			remoteGlobalIDString = A5AEFF2E2E3D6CEB0043BCFF;
			remoteInfo = DevRush_1_SWUI_pr5;
		};
/* End PBXContainerItemProxy section */

/* Begin PBXFileReference section */
		A5AEFF2F2E3D6CEB0043BCFF /* DevRush_1_SWUI_pr5.app */ = {isa = PBXFileReference; explicitFileType = wrapper.application; includeInIndex = 0; path = DevRush_1_SWUI_pr5.app; sourceTree = BUILT_PRODUCTS_DIR; };
		A5AEFF3C2E3D6CEC0043BCFF /* DevRush_1_SWUI_pr5Tests.xctest */ = {isa = PBXFileReference; explicitFileType = wrapper.cfbundle; includeInIndex = 0; path = DevRush_1_SWUI_pr5Tests.xctest; sourceTree = BUILT_PRODUCTS_DIR; };
		A5AEFF462E3D6CEC0043BCFF /* DevRush_1_SWUI_pr5UITests.xctest */ = {isa = PBXFileReference; explicitFileType = wrapper.cfbundle; includeInIndex = 0; path = DevRush_1_SWUI_pr5UITests.xctest; sourceTree = BUILT_PRODUCTS_DIR; };
/* End PBXFileReference section */

/* Begin PBXFileSystemSynchronizedRootGroup section */
		A5AEFF312E3D6CEB0043BCFF /* DevRush_1_SWUI_pr5 */ = {
			isa = PBXFileSystemSynchronizedRootGroup;
			path = DevRush_1_SWUI_pr5;
			sourceTree = "<group>";
		};
		A5AEFF3F2E3D6CEC0043BCFF /* DevRush_1_SWUI_pr5Tests */ = {
			isa = PBXFileSystemSynchronizedRootGroup;
			path = DevRush_1_SWUI_pr5Tests;
			sourceTree = "<group>";
		};
		A5AEFF492E3D6CEC0043BCFF /* DevRush_1_SWUI_pr5UITests */ = {
			isa = PBXFileSystemSynchronizedRootGroup;
			path = DevRush_1_SWUI_pr5UITests;
			sourceTree = "<group>";
		};
/* End PBXFileSystemSynchronizedRootGroup section */

/* Begin PBXFrameworksBuildPhase section */
		A5AEFF2C2E3D6CEB0043BCFF /* Frameworks */ = {
			isa = PBXFrameworksBuildPhase;
			buildActionMask = 2147483647;
			files = (
			);
			runOnlyForDeploymentPostprocessing = 0;
		};
		A5AEFF392E3D6CEC0043BCFF /* Frameworks */ = {
			isa = PBXFrameworksBuildPhase;
			buildActionMask = 2147483647;
			files = (
			);
			runOnlyForDeploymentPostprocessing = 0;
		};
		A5AEFF432E3D6CEC0043BCFF /* Frameworks */ = {
			isa = PBXFrameworksBuildPhase;
			buildActionMask = 2147483647;
			files = (
			);
			runOnlyForDeploymentPostprocessing = 0;
		};
/* End PBXFrameworksBuildPhase section */

/* Begin PBXGroup section */
		A5AEFF262E3D6CEB0043BCFF = {
			isa = PBXGroup;
			children = (
				A5AEFF312E3D6CEB0043BCFF /* DevRush_1_SWUI_pr5 */,
				A5AEFF3F2E3D6CEC0043BCFF /* DevRush_1_SWUI_pr5Tests */,
				A5AEFF492E3D6CEC0043BCFF /* DevRush_1_SWUI_pr5UITests */,
				A5AEFF302E3D6CEB0043BCFF /* Products */,
			);
			sourceTree = "<group>";
		};
		A5AEFF302E3D6CEB0043BCFF /* Products */ = {
			isa = PBXGroup;
			children = (
				A5AEFF2F2E3D6CEB0043BCFF /* DevRush_1_SWUI_pr5.app */,
				A5AEFF3C2E3D6CEC0043BCFF /* DevRush_1_SWUI_pr5Tests.xctest */,
				A5AEFF462E3D6CEC0043BCFF /* DevRush_1_SWUI_pr5UITests.xctest */,
			);
			name = Products;
			sourceTree = "<group>";
		};
/* End PBXGroup section */

/* Begin PBXNativeTarget section */
		A5AEFF2E2E3D6CEB0043BCFF /* DevRush_1_SWUI_pr5 */ = {
			isa = PBXNativeTarget;
			buildConfigurationList = A5AEFF502E3D6CEC0043BCFF /* Build configuration list for PBXNativeTarget "DevRush_1_SWUI_pr5" */;
			buildPhases = (
				A5AEFF2B2E3D6CEB0043BCFF /* Sources */,
				A5AEFF2C2E3D6CEB0043BCFF /* Frameworks */,
				A5AEFF2D2E3D6CEB0043BCFF /* Resources */,
			);
			buildRules = (
			);
			dependencies = (
			);
			fileSystemSynchronizedGroups = (
				A5AEFF312E3D6CEB0043BCFF /* DevRush_1_SWUI_pr5 */,
			);
			name = DevRush_1_SWUI_pr5;
			packageProductDependencies = (
			);
			productName = DevRush_1_SWUI_pr5;
			productReference = A5AEFF2F2E3D6CEB0043BCFF /* DevRush_1_SWUI_pr5.app */;
			productType = "com.apple.product-type.application";
		};
		A5AEFF3B2E3D6CEC0043BCFF /* DevRush_1_SWUI_pr5Tests */ = {
			isa = PBXNativeTarget;
			buildConfigurationList = A5AEFF532E3D6CEC0043BCFF /* Build configuration list for PBXNativeTarget "DevRush_1_SWUI_pr5Tests" */;
			buildPhases = (
				A5AEFF382E3D6CEC0043BCFF /* Sources */,
				A5AEFF392E3D6CEC0043BCFF /* Frameworks */,
				A5AEFF3A2E3D6CEC0043BCFF /* Resources */,
			);
			buildRules = (
			);
			dependencies = (
				A5AEFF3E2E3D6CEC0043BCFF /* PBXTargetDependency */,
			);
			fileSystemSynchronizedGroups = (
				A5AEFF3F2E3D6CEC0043BCFF /* DevRush_1_SWUI_pr5Tests */,
			);
			name = DevRush_1_SWUI_pr5Tests;
			packageProductDependencies = (
			);
			productName = DevRush_1_SWUI_pr5Tests;
			productReference = A5AEFF3C2E3D6CEC0043BCFF /* DevRush_1_SWUI_pr5Tests.xctest */;
			productType = "com.apple.product-type.bundle.unit-test";
		};
		A5AEFF452E3D6CEC0043BCFF /* DevRush_1_SWUI_pr5UITests */ = {
			isa = PBXNativeTarget;
			buildConfigurationList = A5AEFF562E3D6CEC0043BCFF /* Build configuration list for PBXNativeTarget "DevRush_1_SWUI_pr5UITests" */;
			buildPhases = (
				A5AEFF422E3D6CEC0043BCFF /* Sources */,
				A5AEFF432E3D6CEC0043BCFF /* Frameworks */,
				A5AEFF442E3D6CEC0043BCFF /* Resources */,
			);
			buildRules = (
			);
			dependencies = (
				A5AEFF482E3D6CEC0043BCFF /* PBXTargetDependency */,
			);
			fileSystemSynchronizedGroups = (
				A5AEFF492E3D6CEC0043BCFF /* DevRush_1_SWUI_pr5UITests */,
			);
			name = DevRush_1_SWUI_pr5UITests;
			packageProductDependencies = (
			);
			productName = DevRush_1_SWUI_pr5UITests;
			productReference = A5AEFF462E3D6CEC0043BCFF /* DevRush_1_SWUI_pr5UITests.xctest */;
			productType = "com.apple.product-type.bundle.ui-testing";
		};
/* End PBXNativeTarget section */

/* Begin PBXProject section */
		A5AEFF272E3D6CEB0043BCFF /* Project object */ = {
			isa = PBXProject;
			attributes = {
				BuildIndependentTargetsInParallel = 1;
				LastSwiftUpdateCheck = 1640;
				LastUpgradeCheck = 1640;
				TargetAttributes = {
					A5AEFF2E2E3D6CEB0043BCFF = {
						CreatedOnToolsVersion = 16.4;
					};
					A5AEFF3B2E3D6CEC0043BCFF = {
						CreatedOnToolsVersion = 16.4;
						TestTargetID = A5AEFF2E2E3D6CEB0043BCFF;
					};
					A5AEFF452E3D6CEC0043BCFF = {
						CreatedOnToolsVersion = 16.4;
						TestTargetID = A5AEFF2E2E3D6CEB0043BCFF;
					};
				};
			};
			buildConfigurationList = A5AEFF2A2E3D6CEB0043BCFF /* Build configuration list for PBXProject "DevRush_1_SWUI_pr5" */;
			developmentRegion = en;
			hasScannedForEncodings = 0;
			knownRegions = (
				en,
				Base,
			);
			mainGroup = A5AEFF262E3D6CEB0043BCFF;
			minimizedProjectReferenceProxies = 1;
			preferredProjectObjectVersion = 77;
			productRefGroup = A5AEFF302E3D6CEB0043BCFF /* Products */;
			projectDirPath = "";
			projectRoot = "";
			targets = (
				A5AEFF2E2E3D6CEB0043BCFF /* DevRush_1_SWUI_pr5 */,
				A5AEFF3B2E3D6CEC0043BCFF /* DevRush_1_SWUI_pr5Tests */,
				A5AEFF452E3D6CEC0043BCFF /* DevRush_1_SWUI_pr5UITests */,
			);
		};
/* End PBXProject section */

/* Begin PBXResourcesBuildPhase section */
		A5AEFF2D2E3D6CEB0043BCFF /* Resources */ = {
			isa = PBXResourcesBuildPhase;
			buildActionMask = 2147483647;
			files = (
			);
			runOnlyForDeploymentPostprocessing = 0;
		};
		A5AEFF3A2E3D6CEC0043BCFF /* Resources */ = {
			isa = PBXResourcesBuildPhase;
			buildActionMask = 2147483647;
			files = (
			);
			runOnlyForDeploymentPostprocessing = 0;
		};
		A5AEFF442E3D6CEC0043BCFF /* Resources */ = {
			isa = PBXResourcesBuildPhase;
			buildActionMask = 2147483647;
			files = (
			);
			runOnlyForDeploymentPostprocessing = 0;
		};
/* End PBXResourcesBuildPhase section */

/* Begin PBXSourcesBuildPhase section */
		A5AEFF2B2E3D6CEB0043BCFF /* Sources */ = {
			isa = PBXSourcesBuildPhase;
			buildActionMask = 2147483647;
			files = (
			);
			runOnlyForDeploymentPostprocessing = 0;
		};
		A5AEFF382E3D6CEC0043BCFF /* Sources */ = {
			isa = PBXSourcesBuildPhase;
			buildActionMask = 2147483647;
			files = (
			);
			runOnlyForDeploymentPostprocessing = 0;
		};
		A5AEFF422E3D6CEC0043BCFF /* Sources */ = {
			isa = PBXSourcesBuildPhase;
			buildActionMask = 2147483647;
			files = (
			);
			runOnlyForDeploymentPostprocessing = 0;
		};
/* End PBXSourcesBuildPhase section */

/* Begin PBXTargetDependency section */
		A5AEFF3E2E3D6CEC0043BCFF /* PBXTargetDependency */ = {
			isa = PBXTargetDependency;
			target = A5AEFF2E2E3D6CEB0043BCFF /* DevRush_1_SWUI_pr5 */;
			targetProxy = A5AEFF3D2E3D6CEC0043BCFF /* PBXContainerItemProxy */;
		};
		A5AEFF482E3D6CEC0043BCFF /* PBXTargetDependency */ = {
			isa = PBXTargetDependency;
			target = A5AEFF2E2E3D6CEB0043BCFF /* DevRush_1_SWUI_pr5 */;
			targetProxy = A5AEFF472E3D6CEC0043BCFF /* PBXContainerItemProxy */;
		};
/* End PBXTargetDependency section */

/* Begin XCBuildConfiguration section */
		A5AEFF4E2E3D6CEC0043BCFF /* Debug */ = {
			isa = XCBuildConfiguration;
			buildSettings = {
				ALWAYS_SEARCH_USER_PATHS = NO;
				ASSETCATALOG_COMPILER_GENERATE_SWIFT_ASSET_SYMBOL_EXTENSIONS = YES;
				CLANG_ANALYZER_NONNULL = YES;
				CLANG_ANALYZER_NUMBER_OBJECT_CONVERSION = YES_AGGRESSIVE;
				CLANG_CXX_LANGUAGE_STANDARD = "gnu++20";
				CLANG_ENABLE_MODULES = YES;
				CLANG_ENABLE_OBJC_ARC = YES;
				CLANG_ENABLE_OBJC_WEAK = YES;
				CLANG_WARN_BLOCK_CAPTURE_AUTORELEASING = YES;
				CLANG_WARN_BOOL_CONVERSION = YES;
				CLANG_WARN_COMMA = YES;
				CLANG_WARN_CONSTANT_CONVERSION = YES;
				CLANG_WARN_DEPRECATED_OBJC_IMPLEMENTATIONS = YES;
				CLANG_WARN_DIRECT_OBJC_ISA_USAGE = YES_ERROR;
				CLANG_WARN_DOCUMENTATION_COMMENTS = YES;
				CLANG_WARN_EMPTY_BODY = YES;
				CLANG_WARN_ENUM_CONVERSION = YES;
				CLANG_WARN_INFINITE_RECURSION = YES;
				CLANG_WARN_INT_CONVERSION = YES;
				CLANG_WARN_NON_LITERAL_NULL_CONVERSION = YES;
				CLANG_WARN_OBJC_IMPLICIT_RETAIN_SELF = YES;
				CLANG_WARN_OBJC_LITERAL_CONVERSION = YES;
				CLANG_WARN_OBJC_ROOT_CLASS = YES_ERROR;
				CLANG_WARN_QUOTED_INCLUDE_IN_FRAMEWORK_HEADER = YES;
				CLANG_WARN_RANGE_LOOP_ANALYSIS = YES;
				CLANG_WARN_STRICT_PROTOTYPES = YES;
				CLANG_WARN_SUSPICIOUS_MOVE = YES;
				CLANG_WARN_UNGUARDED_AVAILABILITY = YES_AGGRESSIVE;
				CLANG_WARN_UNREACHABLE_CODE = YES;
				CLANG_WARN__DUPLICATE_METHOD_MATCH = YES;
				COPY_PHASE_STRIP = NO;
				DEBUG_INFORMATION_FORMAT = dwarf;
				DEVELOPMENT_TEAM = TWQL7PLAUC;
				ENABLE_STRICT_OBJC_MSGSEND = YES;
				ENABLE_TESTABILITY = YES;
				ENABLE_USER_SCRIPT_SANDBOXING = YES;
				GCC_C_LANGUAGE_STANDARD = gnu17;
				GCC_DYNAMIC_NO_PIC = NO;
				GCC_NO_COMMON_BLOCKS = YES;
				GCC_OPTIMIZATION_LEVEL = 0;
				GCC_PREPROCESSOR_DEFINITIONS = (
					"DEBUG=1",
					"$(inherited)",
				);
				GCC_WARN_64_TO_32_BIT_CONVERSION = YES;
				GCC_WARN_ABOUT_RETURN_TYPE = YES_ERROR;
				GCC_WARN_UNDECLARED_SELECTOR = YES;
				GCC_WARN_UNINITIALIZED_AUTOS = YES_AGGRESSIVE;
				GCC_WARN_UNUSED_FUNCTION = YES;
				GCC_WARN_UNUSED_VARIABLE = YES;
				IPHONEOS_DEPLOYMENT_TARGET = 18.5;
				LOCALIZATION_PREFERS_STRING_CATALOGS = YES;
				MTL_ENABLE_DEBUG_INFO = INCLUDE_SOURCE;
				MTL_FAST_MATH = YES;
				ONLY_ACTIVE_ARCH = YES;
				SDKROOT = iphoneos;
				SWIFT_ACTIVE_COMPILATION_CONDITIONS = "DEBUG $(inherited)";
				SWIFT_OPTIMIZATION_LEVEL = "-Onone";
			};
			name = Debug;
		};
		A5AEFF4F2E3D6CEC0043BCFF /* Release */ = {
			isa = XCBuildConfiguration;
			buildSettings = {
				ALWAYS_SEARCH_USER_PATHS = NO;
				ASSETCATALOG_COMPILER_GENERATE_SWIFT_ASSET_SYMBOL_EXTENSIONS = YES;
				CLANG_ANALYZER_NONNULL = YES;
				CLANG_ANALYZER_NUMBER_OBJECT_CONVERSION = YES_AGGRESSIVE;
				CLANG_CXX_LANGUAGE_STANDARD = "gnu++20";
				CLANG_ENABLE_MODULES = YES;
				CLANG_ENABLE_OBJC_ARC = YES;
				CLANG_ENABLE_OBJC_WEAK = YES;
				CLANG_WARN_BLOCK_CAPTURE_AUTORELEASING = YES;
				CLANG_WARN_BOOL_CONVERSION = YES;
				CLANG_WARN_COMMA = YES;
				CLANG_WARN_CONSTANT_CONVERSION = YES;
				CLANG_WARN_DEPRECATED_OBJC_IMPLEMENTATIONS = YES;
				CLANG_WARN_DIRECT_OBJC_ISA_USAGE = YES_ERROR;
				CLANG_WARN_DOCUMENTATION_COMMENTS = YES;
				CLANG_WARN_EMPTY_BODY = YES;
				CLANG_WARN_ENUM_CONVERSION = YES;
				CLANG_WARN_INFINITE_RECURSION = YES;
				CLANG_WARN_INT_CONVERSION = YES;
				CLANG_WARN_NON_LITERAL_NULL_CONVERSION = YES;
				CLANG_WARN_OBJC_IMPLICIT_RETAIN_SELF = YES;
				CLANG_WARN_OBJC_LITERAL_CONVERSION = YES;
				CLANG_WARN_OBJC_ROOT_CLASS = YES_ERROR;
				CLANG_WARN_QUOTED_INCLUDE_IN_FRAMEWORK_HEADER = YES;
				CLANG_WARN_RANGE_LOOP_ANALYSIS = YES;
				CLANG_WARN_STRICT_PROTOTYPES = YES;
				CLANG_WARN_SUSPICIOUS_MOVE = YES;
				CLANG_WARN_UNGUARDED_AVAILABILITY = YES_AGGRESSIVE;
				CLANG_WARN_UNREACHABLE_CODE = YES;
				CLANG_WARN__DUPLICATE_METHOD_MATCH = YES;
				COPY_PHASE_STRIP = NO;
				DEBUG_INFORMATION_FORMAT = "dwarf-with-dsym";
				DEVELOPMENT_TEAM = TWQL7PLAUC;
				ENABLE_NS_ASSERTIONS = NO;
				ENABLE_STRICT_OBJC_MSGSEND = YES;
				ENABLE_USER_SCRIPT_SANDBOXING = YES;
				GCC_C_LANGUAGE_STANDARD = gnu17;
				GCC_NO_COMMON_BLOCKS = YES;
				GCC_WARN_64_TO_32_BIT_CONVERSION = YES;
				GCC_WARN_ABOUT_RETURN_TYPE = YES_ERROR;
				GCC_WARN_UNDECLARED_SELECTOR = YES;
				GCC_WARN_UNINITIALIZED_AUTOS = YES_AGGRESSIVE;
				GCC_WARN_UNUSED_FUNCTION = YES;
				GCC_WARN_UNUSED_VARIABLE = YES;
				IPHONEOS_DEPLOYMENT_TARGET = 18.5;
				LOCALIZATION_PREFERS_STRING_CATALOGS = YES;
				MTL_ENABLE_DEBUG_INFO = NO;
				MTL_FAST_MATH = YES;
				SDKROOT = iphoneos;
				SWIFT_COMPILATION_MODE = wholemodule;
				VALIDATE_PRODUCT = YES;
			};
			name = Release;
		};
		A5AEFF512E3D6CEC0043BCFF /* Debug */ = {
			isa = XCBuildConfiguration;
			buildSettings = {
				ASSETCATALOG_COMPILER_APPICON_NAME = AppIcon;
				ASSETCATALOG_COMPILER_GLOBAL_ACCENT_COLOR_NAME = AccentColor;
				CODE_SIGN_STYLE = Automatic;
				CURRENT_PROJECT_VERSION = 1;
				DEVELOPMENT_TEAM = TWQL7PLAUC;
				ENABLE_PREVIEWS = YES;
				GENERATE_INFOPLIST_FILE = YES;
				INFOPLIST_KEY_UIApplicationSceneManifest_Generation = YES;
				INFOPLIST_KEY_UIApplicationSupportsIndirectInputEvents = YES;
				INFOPLIST_KEY_UILaunchScreen_Generation = YES;
				INFOPLIST_KEY_UISupportedInterfaceOrientations_iPad = "UIInterfaceOrientationPortrait UIInterfaceOrientationPortraitUpsideDown UIInterfaceOrientationLandscapeLeft UIInterfaceOrientationLandscapeRight";
				INFOPLIST_KEY_UISupportedInterfaceOrientations_iPhone = "UIInterfaceOrientationPortrait UIInterfaceOrientationLandscapeLeft UIInterfaceOrientationLandscapeRight";
				LD_RUNPATH_SEARCH_PATHS = (
					"$(inherited)",
					"@executable_path/Frameworks",
				);
				MARKETING_VERSION = 1.0;
				PRODUCT_BUNDLE_IDENTIFIER = "zvontsov-adadigital.ru.DevRush-1-SWUI-pr5";
				PRODUCT_NAME = "$(TARGET_NAME)";
				SWIFT_EMIT_LOC_STRINGS = YES;
				SWIFT_VERSION = 5.0;
				TARGETED_DEVICE_FAMILY = "1,2";
			};
			name = Debug;
		};
		A5AEFF522E3D6CEC0043BCFF /* Release */ = {
			isa = XCBuildConfiguration;
			buildSettings = {
				ASSETCATALOG_COMPILER_APPICON_NAME = AppIcon;
				ASSETCATALOG_COMPILER_GLOBAL_ACCENT_COLOR_NAME = AccentColor;
				CODE_SIGN_STYLE = Automatic;
				CURRENT_PROJECT_VERSION = 1;
				DEVELOPMENT_TEAM = TWQL7PLAUC;
				ENABLE_PREVIEWS = YES;
				GENERATE_INFOPLIST_FILE = YES;
				INFOPLIST_KEY_UIApplicationSceneManifest_Generation = YES;
				INFOPLIST_KEY_UIApplicationSupportsIndirectInputEvents = YES;
				INFOPLIST_KEY_UILaunchScreen_Generation = YES;
				INFOPLIST_KEY_UISupportedInterfaceOrientations_iPad = "UIInterfaceOrientationPortrait UIInterfaceOrientationPortraitUpsideDown UIInterfaceOrientationLandscapeLeft UIInterfaceOrientationLandscapeRight";
				INFOPLIST_KEY_UISupportedInterfaceOrientations_iPhone = "UIInterfaceOrientationPortrait UIInterfaceOrientationLandscapeLeft UIInterfaceOrientationLandscapeRight";
				LD_RUNPATH_SEARCH_PATHS = (
					"$(inherited)",
					"@executable_path/Frameworks",
				);
				MARKETING_VERSION = 1.0;
				PRODUCT_BUNDLE_IDENTIFIER = "zvontsov-adadigital.ru.DevRush-1-SWUI-pr5";
				PRODUCT_NAME = "$(TARGET_NAME)";
				SWIFT_EMIT_LOC_STRINGS = YES;
				SWIFT_VERSION = 5.0;
				TARGETED_DEVICE_FAMILY = "1,2";
			};
			name = Release;
		};
		A5AEFF542E3D6CEC0043BCFF /* Debug */ = {
			isa = XCBuildConfiguration;
			buildSettings = {
				BUNDLE_LOADER = "$(TEST_HOST)";
				CODE_SIGN_STYLE = Automatic;
				CURRENT_PROJECT_VERSION = 1;
				DEVELOPMENT_TEAM = TWQL7PLAUC;
				GENERATE_INFOPLIST_FILE = YES;
				IPHONEOS_DEPLOYMENT_TARGET = 18.5;
				MARKETING_VERSION = 1.0;
				PRODUCT_BUNDLE_IDENTIFIER = "zvontsov-adadigital.ru.DevRush-1-SWUI-pr5Tests";
				PRODUCT_NAME = "$(TARGET_NAME)";
				SWIFT_EMIT_LOC_STRINGS = NO;
				SWIFT_VERSION = 5.0;
				TARGETED_DEVICE_FAMILY = "1,2";
				TEST_HOST = "$(BUILT_PRODUCTS_DIR)/DevRush_1_SWUI_pr5.app/$(BUNDLE_EXECUTABLE_FOLDER_PATH)/DevRush_1_SWUI_pr5";
			};
			name = Debug;
		};
		A5AEFF552E3D6CEC0043BCFF /* Release */ = {
			isa = XCBuildConfiguration;
			buildSettings = {
				BUNDLE_LOADER = "$(TEST_HOST)";
				CODE_SIGN_STYLE = Automatic;
				CURRENT_PROJECT_VERSION = 1;
				DEVELOPMENT_TEAM = TWQL7PLAUC;
				GENERATE_INFOPLIST_FILE = YES;
				IPHONEOS_DEPLOYMENT_TARGET = 18.5;
				MARKETING_VERSION = 1.0;
				PRODUCT_BUNDLE_IDENTIFIER = "zvontsov-adadigital.ru.DevRush-1-SWUI-pr5Tests";
				PRODUCT_NAME = "$(TARGET_NAME)";
				SWIFT_EMIT_LOC_STRINGS = NO;
				SWIFT_VERSION = 5.0;
				TARGETED_DEVICE_FAMILY = "1,2";
				TEST_HOST = "$(BUILT_PRODUCTS_DIR)/DevRush_1_SWUI_pr5.app/$(BUNDLE_EXECUTABLE_FOLDER_PATH)/DevRush_1_SWUI_pr5";
			};
			name = Release;
		};
		A5AEFF572E3D6CEC0043BCFF /* Debug */ = {
			isa = XCBuildConfiguration;
			buildSettings = {
				CODE_SIGN_STYLE = Automatic;
				CURRENT_PROJECT_VERSION = 1;
				DEVELOPMENT_TEAM = TWQL7PLAUC;
				GENERATE_INFOPLIST_FILE = YES;
				MARKETING_VERSION = 1.0;
				PRODUCT_BUNDLE_IDENTIFIER = "zvontsov-adadigital.ru.DevRush-1-SWUI-pr5UITests";
				PRODUCT_NAME = "$(TARGET_NAME)";
				SWIFT_EMIT_LOC_STRINGS = NO;
				SWIFT_VERSION = 5.0;
				TARGETED_DEVICE_FAMILY = "1,2";
				TEST_TARGET_NAME = DevRush_1_SWUI_pr5;
			};
			name = Debug;
		};
		A5AEFF582E3D6CEC0043BCFF /* Release */ = {
			isa = XCBuildConfiguration;
			buildSettings = {
				CODE_SIGN_STYLE = Automatic;
				CURRENT_PROJECT_VERSION = 1;
				DEVELOPMENT_TEAM = TWQL7PLAUC;
				GENERATE_INFOPLIST_FILE = YES;
				MARKETING_VERSION = 1.0;
				PRODUCT_BUNDLE_IDENTIFIER = "zvontsov-adadigital.ru.DevRush-1-SWUI-pr5UITests";
				PRODUCT_NAME = "$(TARGET_NAME)";
				SWIFT_EMIT_LOC_STRINGS = NO;
				SWIFT_VERSION = 5.0;
				TARGETED_DEVICE_FAMILY = "1,2";
				TEST_TARGET_NAME = DevRush_1_SWUI_pr5;
			};
			name = Release;
		};
/* End XCBuildConfiguration section */

/* Begin XCConfigurationList section */
		A5AEFF2A2E3D6CEB0043BCFF /* Build configuration list for PBXProject "DevRush_1_SWUI_pr5" */ = {
			isa = XCConfigurationList;
			buildConfigurations = (
				A5AEFF4E2E3D6CEC0043BCFF /* Debug */,
				A5AEFF4F2E3D6CEC0043BCFF /* Release */,
			);
			defaultConfigurationIsVisible = 0;
			defaultConfigurationName = Release;
		};
		A5AEFF502E3D6CEC0043BCFF /* Build configuration list for PBXNativeTarget "DevRush_1_SWUI_pr5" */ = {
			isa = XCConfigurationList;
			buildConfigurations = (
				A5AEFF512E3D6CEC0043BCFF /* Debug */,
				A5AEFF522E3D6CEC0043BCFF /* Release */,
			);
			defaultConfigurationIsVisible = 0;
			defaultConfigurationName = Release;
		};
		A5AEFF532E3D6CEC0043BCFF /* Build configuration list for PBXNativeTarget "DevRush_1_SWUI_pr5Tests" */ = {
			isa = XCConfigurationList;
			buildConfigurations = (
				A5AEFF542E3D6CEC0043BCFF /* Debug */,
				A5AEFF552E3D6CEC0043BCFF /* Release */,
			);
			defaultConfigurationIsVisible = 0;
			defaultConfigurationName = Release;
		};
		A5AEFF562E3D6CEC0043BCFF /* Build configuration list for PBXNativeTarget "DevRush_1_SWUI_pr5UITests" */ = {
			isa = XCConfigurationList;
			buildConfigurations = (
				A5AEFF572E3D6CEC0043BCFF /* Debug */,
				A5AEFF582E3D6CEC0043BCFF /* Release */,
			);
			defaultConfigurationIsVisible = 0;
			defaultConfigurationName = Release;
		};
/* End XCConfigurationList section */
	};
	rootObject = A5AEFF272E3D6CEB0043BCFF /* Project object */;
}
